# This file was autogenerated by Stack.
# You should not edit this file by hand.
# For more information, please see the documentation at:
#   https://docs.haskellstack.org/en/stable/lock_files

packages:
- completed:
    hackage: asciichart-1.0.2@sha256:59b62adb30078dbf96677c17167d156b093c8a2eb93068e0d3a3bd24b5d14b30,1561
    pantry-tree:
      size: 273
      sha256: 7a552767a6ceef966719e8aa05d2c3dc9957b7b96c1dffc94dce71aa1b853a8f
  original:
    hackage: asciichart-1.0.2@sha256:59b62adb30078dbf96677c17167d156b093c8a2eb93068e0d3a3bd24b5d14b30,1561
snapshots:
- completed:
    size: 590102
    url: https://raw.githubusercontent.com/commercialhaskell/stackage-snapshots/master/lts/18/26.yaml
    sha256: e76d109964d9335abb412e22139c5bce3078be290ac6d90b8ecea6cc009bb198
  original:
    url: https://raw.githubusercontent.com/commercialhaskell/stackage-snapshots/master/lts/18/26.yaml
